
Microsoft Visual Studio Solution File, Format Version 12.00
# Visual Studio 15
VisualStudioVersion = 15.0.26730.15
MinimumVisualStudioVersion = 10.0.40219.1
Project("{FAE04EC0-301F-11D3-BF4B-00C04F79EFBC}") = "TaviscaServiceLayer", "TaviscaServiceLayer\TaviscaServiceLayer.csproj", "{7CF5F439-05B1-4A84-BAFA-64046BEDA74D}"
EndProject
Global
	GlobalSection(SolutionConfigurationPlatforms) = preSolution
		Debug|Any CPU = Debug|Any CPU
		Release|Any CPU = Release|Any CPU
	EndGlobalSection
	GlobalSection(ProjectConfigurationPlatforms) = postSolution
		{7CF5F439-05B1-4A84-BAFA-64046BEDA74D}.Debug|Any CPU.ActiveCfg = Debug|Any CPU
		{7CF5F439-05B1-4A84-BAFA-64046BEDA74D}.Debug|Any CPU.Build.0 = Debug|Any CPU
		{7CF5F439-05B1-4A84-BAFA-64046BEDA74D}.Release|Any CPU.ActiveCfg = Release|Any CPU
		{7CF5F439-05B1-4A84-BAFA-64046BEDA74D}.Release|Any CPU.Build.0 = Release|Any CPU
	EndGlobalSection
	GlobalSection(SolutionProperties) = preSolution
		HideSolutionNode = FALSE
	EndGlobalSection
	GlobalSection(ExtensibilityGlobals) = postSolution
		SolutionGuid = {162E6D66-0F06-4983-8F9A-079C66593B5E}
	EndGlobalSection
EndGlobal
